
Microsoft Visual Studio Solution File, Format Version 12.00
# Visual Studio Version 16
VisualStudioVersion = 16.0.30406.217
MinimumVisualStudioVersion = 10.0.40219.1
Project("{FAE04EC0-301F-11D3-BF4B-00C04F79EFBC}") = "WebApplication1", "WebApplication1.csproj", "{A595A2A4-020C-416E-AB6C-498CE661B8A9}"
EndProject
Global
	GlobalSection(SolutionConfigurationPlatforms) = preSolution
		Debug|Any CPU = Debug|Any CPU
		Release|Any CPU = Release|Any CPU
	EndGlobalSection
	GlobalSection(ProjectConfigurationPlatforms) = postSolution
		{A595A2A4-020C-416E-AB6C-498CE661B8A9}.Debug|Any CPU.ActiveCfg = Debug|Any CPU
		{A595A2A4-020C-416E-AB6C-498CE661B8A9}.Debug|Any CPU.Build.0 = Debug|Any CPU
		{A595A2A4-020C-416E-AB6C-498CE661B8A9}.Release|Any CPU.ActiveCfg = Release|Any CPU
		{A595A2A4-020C-416E-AB6C-498CE661B8A9}.Release|Any CPU.Build.0 = Release|Any CPU
	EndGlobalSection
	GlobalSection(SolutionProperties) = preSolution
		HideSolutionNode = FALSE
	EndGlobalSection
	GlobalSection(ExtensibilityGlobals) = postSolution
		SolutionGuid = {5BAC3DA4-B354-457A-94F2-2129FD83D1B3}
	EndGlobalSection
EndGlobal
